{
    "_meta": {
        "hash": {
            "sha256": "dc57bc8a7b18a7372ea04c92712ce472688f95cb8a0e5a2536cc166dbb461a6b"
        },
        "pipfile-spec": 6,
        "requires": {
            "python_version": "3.7"
        },
        "sources": [
            {
                "name": "pypi",
                "url": "https://pypi.org/simple",
                "verify_ssl": true
            }
        ]
    },
    "default": {
        "jsonpickle": {
            "hashes": [
                "sha256:71bca2b80ae28af4e3f86629ef247100af7f97032b5ca8d791c1f8725b411d95",
                "sha256:efc6839cb341985f0c24f98650a4c1063a2877c236ffd3d7e1662f0c482bac93"
            ],
            "index": "pypi",
            "version": "==1.3"
        }
    },
    "develop": {}
}
